# THIS IS AN AUTOGENERATED FILE. DO NOT EDIT THIS FILE DIRECTLY.
# yarn lockfile v1


base32.js@0.1.0:
  version "0.1.0"
  resolved "https://registry.yarnpkg.com/base32.js/-/base32.js-0.1.0.tgz#b582dec693c2f11e893cf064ee6ac5b6131a2202"
  integrity sha1-tYLexpPC8R6JPPBk7mrFthMaIgI=

ipv6-normalize@1.0.1:
  version "1.0.1"
  resolved "https://registry.yarnpkg.com/ipv6-normalize/-/ipv6-normalize-1.0.1.tgz#1b3258290d365fa83239e89907dde4592e7620a8"
  integrity sha1-GzJYKQ02X6gyOeiZB93kWS52IKg=

nodemailer@6.6.1:
  version "6.6.1"
  resolved "https://registry.yarnpkg.com/nodemailer/-/nodemailer-6.6.1.tgz#2a05fbf205b897d71bf43884167b5d4d3bd01b99"
  integrity sha512-1xzFN3gqv+/qJ6YRyxBxfTYstLNt0FCtZaFRvf4Sg9wxNGWbwFmGXVpfSi6ThGK6aRxAo+KjHtYSW8NvCsNSAg==

nodemailer@^6.7.2:
  version "6.7.2"
  resolved "https://registry.yarnpkg.com/nodemailer/-/nodemailer-6.7.2.tgz#44b2ad5f7ed71b7067f7a21c4fedabaec62b85e0"
  integrity sha512-Dz7zVwlef4k5R71fdmxwR8Q39fiboGbu3xgswkzGwczUfjp873rVxt1O46+Fh0j1ORnAC6L9+heI8uUpO6DT7Q==

smtp-server@^3.9.0:
  version "3.9.0"
  resolved "https://registry.yarnpkg.com/smtp-server/-/smtp-server-3.9.0.tgz#5fdf39f25911f1607f6d3c0b82dae2891761078c"
  integrity sha512-CHws5GkHjfIikue6vSdp3uRnmW85l0JJQibVwDs7S5aIUppXJA9Y60XcdxcaCLXmAnd8V8wbtav5KY92nCZeag==
  dependencies:
    base32.js "0.1.0"
    ipv6-normalize "1.0.1"
    nodemailer "6.6.1"
